Microsoft Visual Studio Solution File, Format Version 12.00
# Visual Studio 2012
Project("{FAE04EC0-301F-11D3-BF4B-00C04F79EFBC}") = "MegaManXClone", "MegaManXClone.csproj", "{2957311C-9C62-484C-A9A1-3E04EE7710AB}"
EndProject
Global
	GlobalSection(SolutionConfigurationPlatforms) = preSolution
	Debug|Any CPU = Debug|Any CPU
	ExportDebug|Any CPU = ExportDebug|Any CPU
	ExportRelease|Any CPU = ExportRelease|Any CPU
	EndGlobalSection
	GlobalSection(ProjectConfigurationPlatforms) = postSolution
		{2957311C-9C62-484C-A9A1-3E04EE7710AB}.Debug|Any CPU.ActiveCfg = Debug|Any CPU
		{2957311C-9C62-484C-A9A1-3E04EE7710AB}.Debug|Any CPU.Build.0 = Debug|Any CPU
		{2957311C-9C62-484C-A9A1-3E04EE7710AB}.ExportDebug|Any CPU.ActiveCfg = ExportDebug|Any CPU
		{2957311C-9C62-484C-A9A1-3E04EE7710AB}.ExportDebug|Any CPU.Build.0 = ExportDebug|Any CPU
		{2957311C-9C62-484C-A9A1-3E04EE7710AB}.ExportRelease|Any CPU.ActiveCfg = ExportRelease|Any CPU
		{2957311C-9C62-484C-A9A1-3E04EE7710AB}.ExportRelease|Any CPU.Build.0 = ExportRelease|Any CPU
	EndGlobalSection
EndGlobal
